
Microsoft Visual Studio Solution File, Format Version 12.00
Project("{2150E333-8FDC-42A3-9474-1A3956D46DE8}") = "code", "code", "{36E94E42-6FC4-482C-AE81-D1E4AC347F72}"
EndProject
Project("{2150E333-8FDC-42A3-9474-1A3956D46DE8}") = "test", "test", "{7869B202-E709-4C16-8DD1-382FBE3D726D}"
EndProject
Project("{2150E333-8FDC-42A3-9474-1A3956D46DE8}") = "src", "src", "{07334BE5-CC15-41DF-9003-A16D132DEA29}"
EndProject
Project("{2150E333-8FDC-42A3-9474-1A3956D46DE8}") = "test", "test", "{F466C21B-C465-4370-ABDF-B92A8D3D01A3}"
EndProject
Project("{2150E333-8FDC-42A3-9474-1A3956D46DE8}") = "Domain", "Domain", "{642A9E13-2D3C-4D31-8418-9C76422E5BB4}"
EndProject
Project("{2150E333-8FDC-42A3-9474-1A3956D46DE8}") = "Application", "Application", "{3767FD54-542F-4595-A644-184DEF654608}"
EndProject
Project("{2150E333-8FDC-42A3-9474-1A3956D46DE8}") = "Infrastructure", "Infrastructure", "{A3DA4AB7-5E4C-44D5-B839-802C3B313DE9}"
EndProject
Project("{2150E333-8FDC-42A3-9474-1A3956D46DE8}") = "Interface", "Interface", "{FC459065-71B5-46CB-88B3-55D3D34EDB2B}"
EndProject
Project("{FAE04EC0-301F-11D3-BF4B-00C04F79EFBC}") = "Shop.Domain", "code\src\Domain\Shop.Domain\Shop.Domain.csproj", "{FC05072B-9386-446B-8665-565FEE448D30}"
EndProject
Project("{FAE04EC0-301F-11D3-BF4B-00C04F79EFBC}") = "Shop.Application.Contract", "code\src\Application\Shop.Application.Contract\Shop.Application.Contract.csproj", "{22E2E84B-7709-487F-899D-8E7BE1CB451F}"
EndProject
Project("{FAE04EC0-301F-11D3-BF4B-00C04F79EFBC}") = "Shop.Application", "code\src\Application\Shop.Application\Shop.Application.csproj", "{420DF391-38F1-4E67-ABF9-5CF28942AC8F}"
EndProject
Project("{FAE04EC0-301F-11D3-BF4B-00C04F79EFBC}") = "Shop.Infrastructure.Persistence.Sql", "code\src\Infrastructure\Shop.Infrastructure.Persistence.Sql\Shop.Infrastructure.Persistence.Sql.csproj", "{0F1486C9-0763-4E5D-ACF7-9CF237114CDA}"
EndProject
Project("{FAE04EC0-301F-11D3-BF4B-00C04F79EFBC}") = "Shop.Infrastructure", "code\src\Infrastructure\Shop.Infrastructure\Shop.Infrastructure.csproj", "{0C8F9731-2D10-4CAE-B388-556F13D03D7E}"
EndProject
Project("{FAE04EC0-301F-11D3-BF4B-00C04F79EFBC}") = "Shop.RestApi", "code\src\Interface\Shop.RestApi\Shop.RestApi.csproj", "{4761AB25-2AA2-4E6F-9E10-1F1B0734018E}"
EndProject
Project("{FAE04EC0-301F-11D3-BF4B-00C04F79EFBC}") = "Shop.Subscriber", "code\src\Interface\Shop.Subscriber\Shop.Subscriber.csproj", "{A37FFC20-B850-40B6-BA2B-A2FF7F2C83C7}"
EndProject
Project("{FAE04EC0-301F-11D3-BF4B-00C04F79EFBC}") = "ServiceHost", "code\src\ServiceHost\ServiceHost.csproj", "{784555F7-8944-450C-92C3-CD84AA18ADDB}"
EndProject
Global
	GlobalSection(SolutionConfigurationPlatforms) = preSolution
		Debug|Any CPU = Debug|Any CPU
		Release|Any CPU = Release|Any CPU
	EndGlobalSection
	GlobalSection(NestedProjects) = preSolution
		{07334BE5-CC15-41DF-9003-A16D132DEA29} = {36E94E42-6FC4-482C-AE81-D1E4AC347F72}
		{F466C21B-C465-4370-ABDF-B92A8D3D01A3} = {36E94E42-6FC4-482C-AE81-D1E4AC347F72}
		{642A9E13-2D3C-4D31-8418-9C76422E5BB4} = {07334BE5-CC15-41DF-9003-A16D132DEA29}
		{3767FD54-542F-4595-A644-184DEF654608} = {07334BE5-CC15-41DF-9003-A16D132DEA29}
		{A3DA4AB7-5E4C-44D5-B839-802C3B313DE9} = {07334BE5-CC15-41DF-9003-A16D132DEA29}
		{FC459065-71B5-46CB-88B3-55D3D34EDB2B} = {07334BE5-CC15-41DF-9003-A16D132DEA29}
		{FC05072B-9386-446B-8665-565FEE448D30} = {642A9E13-2D3C-4D31-8418-9C76422E5BB4}
		{22E2E84B-7709-487F-899D-8E7BE1CB451F} = {3767FD54-542F-4595-A644-184DEF654608}
		{420DF391-38F1-4E67-ABF9-5CF28942AC8F} = {3767FD54-542F-4595-A644-184DEF654608}
		{0F1486C9-0763-4E5D-ACF7-9CF237114CDA} = {A3DA4AB7-5E4C-44D5-B839-802C3B313DE9}
		{0C8F9731-2D10-4CAE-B388-556F13D03D7E} = {A3DA4AB7-5E4C-44D5-B839-802C3B313DE9}
		{4761AB25-2AA2-4E6F-9E10-1F1B0734018E} = {FC459065-71B5-46CB-88B3-55D3D34EDB2B}
		{A37FFC20-B850-40B6-BA2B-A2FF7F2C83C7} = {FC459065-71B5-46CB-88B3-55D3D34EDB2B}
		{784555F7-8944-450C-92C3-CD84AA18ADDB} = {07334BE5-CC15-41DF-9003-A16D132DEA29}
	EndGlobalSection
	GlobalSection(ProjectConfigurationPlatforms) = postSolution
		{FC05072B-9386-446B-8665-565FEE448D30}.Debug|Any CPU.ActiveCfg = Debug|Any CPU
		{FC05072B-9386-446B-8665-565FEE448D30}.Debug|Any CPU.Build.0 = Debug|Any CPU
		{FC05072B-9386-446B-8665-565FEE448D30}.Release|Any CPU.ActiveCfg = Release|Any CPU
		{FC05072B-9386-446B-8665-565FEE448D30}.Release|Any CPU.Build.0 = Release|Any CPU
		{22E2E84B-7709-487F-899D-8E7BE1CB451F}.Debug|Any CPU.ActiveCfg = Debug|Any CPU
		{22E2E84B-7709-487F-899D-8E7BE1CB451F}.Debug|Any CPU.Build.0 = Debug|Any CPU
		{22E2E84B-7709-487F-899D-8E7BE1CB451F}.Release|Any CPU.ActiveCfg = Release|Any CPU
		{22E2E84B-7709-487F-899D-8E7BE1CB451F}.Release|Any CPU.Build.0 = Release|Any CPU
		{420DF391-38F1-4E67-ABF9-5CF28942AC8F}.Debug|Any CPU.ActiveCfg = Debug|Any CPU
		{420DF391-38F1-4E67-ABF9-5CF28942AC8F}.Debug|Any CPU.Build.0 = Debug|Any CPU
		{420DF391-38F1-4E67-ABF9-5CF28942AC8F}.Release|Any CPU.ActiveCfg = Release|Any CPU
		{420DF391-38F1-4E67-ABF9-5CF28942AC8F}.Release|Any CPU.Build.0 = Release|Any CPU
		{0F1486C9-0763-4E5D-ACF7-9CF237114CDA}.Debug|Any CPU.ActiveCfg = Debug|Any CPU
		{0F1486C9-0763-4E5D-ACF7-9CF237114CDA}.Debug|Any CPU.Build.0 = Debug|Any CPU
		{0F1486C9-0763-4E5D-ACF7-9CF237114CDA}.Release|Any CPU.ActiveCfg = Release|Any CPU
		{0F1486C9-0763-4E5D-ACF7-9CF237114CDA}.Release|Any CPU.Build.0 = Release|Any CPU
		{0C8F9731-2D10-4CAE-B388-556F13D03D7E}.Debug|Any CPU.ActiveCfg = Debug|Any CPU
		{0C8F9731-2D10-4CAE-B388-556F13D03D7E}.Debug|Any CPU.Build.0 = Debug|Any CPU
		{0C8F9731-2D10-4CAE-B388-556F13D03D7E}.Release|Any CPU.ActiveCfg = Release|Any CPU
		{0C8F9731-2D10-4CAE-B388-556F13D03D7E}.Release|Any CPU.Build.0 = Release|Any CPU
		{4761AB25-2AA2-4E6F-9E10-1F1B0734018E}.Debug|Any CPU.ActiveCfg = Debug|Any CPU
		{4761AB25-2AA2-4E6F-9E10-1F1B0734018E}.Debug|Any CPU.Build.0 = Debug|Any CPU
		{4761AB25-2AA2-4E6F-9E10-1F1B0734018E}.Release|Any CPU.ActiveCfg = Release|Any CPU
		{4761AB25-2AA2-4E6F-9E10-1F1B0734018E}.Release|Any CPU.Build.0 = Release|Any CPU
		{A37FFC20-B850-40B6-BA2B-A2FF7F2C83C7}.Debug|Any CPU.ActiveCfg = Debug|Any CPU
		{A37FFC20-B850-40B6-BA2B-A2FF7F2C83C7}.Debug|Any CPU.Build.0 = Debug|Any CPU
		{A37FFC20-B850-40B6-BA2B-A2FF7F2C83C7}.Release|Any CPU.ActiveCfg = Release|Any CPU
		{A37FFC20-B850-40B6-BA2B-A2FF7F2C83C7}.Release|Any CPU.Build.0 = Release|Any CPU
		{784555F7-8944-450C-92C3-CD84AA18ADDB}.Debug|Any CPU.ActiveCfg = Debug|Any CPU
		{784555F7-8944-450C-92C3-CD84AA18ADDB}.Debug|Any CPU.Build.0 = Debug|Any CPU
		{784555F7-8944-450C-92C3-CD84AA18ADDB}.Release|Any CPU.ActiveCfg = Release|Any CPU
		{784555F7-8944-450C-92C3-CD84AA18ADDB}.Release|Any CPU.Build.0 = Release|Any CPU
	EndGlobalSection
EndGlobal
